
Microsoft Visual Studio Solution File, Format Version 12.00
# Visual Studio Version 16
VisualStudioVersion = 25.0.1705.6
MinimumVisualStudioVersion = 10.0.40219.1
Project("{FAE04EC0-301F-11D3-BF4B-00C04F79EFBC}") = "ejercioTecnico1.Android", "ejercioTecnico1\ejercioTecnico1.Android\ejercioTecnico1.Android.csproj", "{1D679F50-FA6D-40F7-AC24-EE7C5E0700F8}"
EndProject
Project("{FAE04EC0-301F-11D3-BF4B-00C04F79EFBC}") = "ejercioTecnico1.iOS", "ejercioTecnico1\ejercioTecnico1.iOS\ejercioTecnico1.iOS.csproj", "{55A788AB-1C9E-49B5-85CF-CC333AB6795C}"
EndProject
Project("{FAE04EC0-301F-11D3-BF4B-00C04F79EFBC}") = "ejercioTecnico1", "ejercioTecnico1\ejercioTecnico1\ejercioTecnico1.csproj", "{D7F436DD-27FE-47EE-8153-7EF381D7C11D}"
EndProject
Global
	GlobalSection(SolutionConfigurationPlatforms) = preSolution
		Debug|Any CPU = Debug|Any CPU
		Release|Any CPU = Release|Any CPU
		Debug|iPhoneSimulator = Debug|iPhoneSimulator
		Release|iPhoneSimulator = Release|iPhoneSimulator
		Debug|iPhone = Debug|iPhone
		Release|iPhone = Release|iPhone
	EndGlobalSection
	GlobalSection(ProjectConfigurationPlatforms) = postSolution
		{1D679F50-FA6D-40F7-AC24-EE7C5E0700F8}.Debug|Any CPU.ActiveCfg = Debug|Any CPU
		{1D679F50-FA6D-40F7-AC24-EE7C5E0700F8}.Debug|Any CPU.Build.0 = Debug|Any CPU
		{1D679F50-FA6D-40F7-AC24-EE7C5E0700F8}.Release|Any CPU.ActiveCfg = Release|Any CPU
		{1D679F50-FA6D-40F7-AC24-EE7C5E0700F8}.Release|Any CPU.Build.0 = Release|Any CPU
		{1D679F50-FA6D-40F7-AC24-EE7C5E0700F8}.Debug|iPhoneSimulator.ActiveCfg = Debug|Any CPU
		{1D679F50-FA6D-40F7-AC24-EE7C5E0700F8}.Debug|iPhoneSimulator.Build.0 = Debug|Any CPU
		{1D679F50-FA6D-40F7-AC24-EE7C5E0700F8}.Release|iPhoneSimulator.ActiveCfg = Release|Any CPU
		{1D679F50-FA6D-40F7-AC24-EE7C5E0700F8}.Release|iPhoneSimulator.Build.0 = Release|Any CPU
		{1D679F50-FA6D-40F7-AC24-EE7C5E0700F8}.Debug|iPhone.ActiveCfg = Debug|Any CPU
		{1D679F50-FA6D-40F7-AC24-EE7C5E0700F8}.Debug|iPhone.Build.0 = Debug|Any CPU
		{1D679F50-FA6D-40F7-AC24-EE7C5E0700F8}.Release|iPhone.ActiveCfg = Release|Any CPU
		{1D679F50-FA6D-40F7-AC24-EE7C5E0700F8}.Release|iPhone.Build.0 = Release|Any CPU
		{55A788AB-1C9E-49B5-85CF-CC333AB6795C}.Debug|Any CPU.ActiveCfg = Debug|iPhoneSimulator
		{55A788AB-1C9E-49B5-85CF-CC333AB6795C}.Debug|Any CPU.Build.0 = Debug|iPhoneSimulator
		{55A788AB-1C9E-49B5-85CF-CC333AB6795C}.Release|Any CPU.ActiveCfg = Release|iPhoneSimulator
		{55A788AB-1C9E-49B5-85CF-CC333AB6795C}.Release|Any CPU.Build.0 = Release|iPhoneSimulator
		{55A788AB-1C9E-49B5-85CF-CC333AB6795C}.Debug|iPhoneSimulator.ActiveCfg = Debug|iPhoneSimulator
		{55A788AB-1C9E-49B5-85CF-CC333AB6795C}.Debug|iPhoneSimulator.Build.0 = Debug|iPhoneSimulator
		{55A788AB-1C9E-49B5-85CF-CC333AB6795C}.Release|iPhoneSimulator.ActiveCfg = Release|iPhoneSimulator
		{55A788AB-1C9E-49B5-85CF-CC333AB6795C}.Release|iPhoneSimulator.Build.0 = Release|iPhoneSimulator
		{55A788AB-1C9E-49B5-85CF-CC333AB6795C}.Debug|iPhone.ActiveCfg = Debug|iPhone
		{55A788AB-1C9E-49B5-85CF-CC333AB6795C}.Debug|iPhone.Build.0 = Debug|iPhone
		{55A788AB-1C9E-49B5-85CF-CC333AB6795C}.Release|iPhone.ActiveCfg = Release|iPhone
		{55A788AB-1C9E-49B5-85CF-CC333AB6795C}.Release|iPhone.Build.0 = Release|iPhone
		{D7F436DD-27FE-47EE-8153-7EF381D7C11D}.Debug|Any CPU.ActiveCfg = Debug|Any CPU
		{D7F436DD-27FE-47EE-8153-7EF381D7C11D}.Debug|Any CPU.Build.0 = Debug|Any CPU
		{D7F436DD-27FE-47EE-8153-7EF381D7C11D}.Release|Any CPU.ActiveCfg = Release|Any CPU
		{D7F436DD-27FE-47EE-8153-7EF381D7C11D}.Release|Any CPU.Build.0 = Release|Any CPU
		{D7F436DD-27FE-47EE-8153-7EF381D7C11D}.Debug|iPhoneSimulator.ActiveCfg = Debug|Any CPU
		{D7F436DD-27FE-47EE-8153-7EF381D7C11D}.Debug|iPhoneSimulator.Build.0 = Debug|Any CPU
		{D7F436DD-27FE-47EE-8153-7EF381D7C11D}.Release|iPhoneSimulator.ActiveCfg = Release|Any CPU
		{D7F436DD-27FE-47EE-8153-7EF381D7C11D}.Release|iPhoneSimulator.Build.0 = Release|Any CPU
		{D7F436DD-27FE-47EE-8153-7EF381D7C11D}.Debug|iPhone.ActiveCfg = Debug|Any CPU
		{D7F436DD-27FE-47EE-8153-7EF381D7C11D}.Debug|iPhone.Build.0 = Debug|Any CPU
		{D7F436DD-27FE-47EE-8153-7EF381D7C11D}.Release|iPhone.ActiveCfg = Release|Any CPU
		{D7F436DD-27FE-47EE-8153-7EF381D7C11D}.Release|iPhone.Build.0 = Release|Any CPU
	EndGlobalSection
	GlobalSection(SolutionProperties) = preSolution
		HideSolutionNode = FALSE
	EndGlobalSection
	GlobalSection(ExtensibilityGlobals) = postSolution
		SolutionGuid = {379D8AFF-CBBF-4807-A348-AA7A0037EB84}
	EndGlobalSection
EndGlobal
